
Microsoft Visual Studio Solution File, Format Version 12.00
# Visual Studio 14
VisualStudioVersion = 14.0.24720.0
MinimumVisualStudioVersion = 10.0.40219.1
Project("{FAE04EC0-301F-11D3-BF4B-00C04F79EFBC}") = "Week3Part2", "Week3Part2\Week3Part2.csproj", "{9558C871-B0CB-4695-AF60-05076554C682}"
EndProject
Project("{FAE04EC0-301F-11D3-BF4B-00C04F79EFBC}") = "UnitTestProject2", "UnitTestProject2\UnitTestProject2.csproj", "{01FA5AC2-2182-4A19-808C-AA4C14DE3568}"
EndProject
Global
	GlobalSection(SolutionConfigurationPlatforms) = preSolution
		Debug|Any CPU = Debug|Any CPU
		Release|Any CPU = Release|Any CPU
	EndGlobalSection
	GlobalSection(ProjectConfigurationPlatforms) = postSolution
		{9558C871-B0CB-4695-AF60-05076554C682}.Debug|Any CPU.ActiveCfg = Debug|Any CPU
		{9558C871-B0CB-4695-AF60-05076554C682}.Debug|Any CPU.Build.0 = Debug|Any CPU
		{9558C871-B0CB-4695-AF60-05076554C682}.Release|Any CPU.ActiveCfg = Release|Any CPU
		{9558C871-B0CB-4695-AF60-05076554C682}.Release|Any CPU.Build.0 = Release|Any CPU
		{01FA5AC2-2182-4A19-808C-AA4C14DE3568}.Debug|Any CPU.ActiveCfg = Debug|Any CPU
		{01FA5AC2-2182-4A19-808C-AA4C14DE3568}.Debug|Any CPU.Build.0 = Debug|Any CPU
		{01FA5AC2-2182-4A19-808C-AA4C14DE3568}.Release|Any CPU.ActiveCfg = Release|Any CPU
		{01FA5AC2-2182-4A19-808C-AA4C14DE3568}.Release|Any CPU.Build.0 = Release|Any CPU
	EndGlobalSection
	GlobalSection(SolutionProperties) = preSolution
		HideSolutionNode = FALSE
	EndGlobalSection
EndGlobal
